
Microsoft Visual Studio Solution File, Format Version 12.00
# Visual Studio Version 17
VisualStudioVersion = 17.2.32519.379
MinimumVisualStudioVersion = 10.0.40219.1
Project("{9A19103F-16F7-4668-BE54-9A1E7A4F7556}") = "Locadora.Domain", "Locadora.Domain\Locadora.Domain.csproj", "{13DDD07E-7992-45C5-A449-CF3EF3FCFC71}"
EndProject
Project("{9A19103F-16F7-4668-BE54-9A1E7A4F7556}") = "Locadora.InfraData", "Locadora.InfraData\Locadora.InfraData.csproj", "{DA1C4D68-1714-4DCD-B77D-B9C16A2F8BED}"
EndProject
Global
	GlobalSection(SolutionConfigurationPlatforms) = preSolution
		Debug|Any CPU = Debug|Any CPU
		Release|Any CPU = Release|Any CPU
	EndGlobalSection
	GlobalSection(ProjectConfigurationPlatforms) = postSolution
		{13DDD07E-7992-45C5-A449-CF3EF3FCFC71}.Debug|Any CPU.ActiveCfg = Debug|Any CPU
		{13DDD07E-7992-45C5-A449-CF3EF3FCFC71}.Debug|Any CPU.Build.0 = Debug|Any CPU
		{13DDD07E-7992-45C5-A449-CF3EF3FCFC71}.Release|Any CPU.ActiveCfg = Release|Any CPU
		{13DDD07E-7992-45C5-A449-CF3EF3FCFC71}.Release|Any CPU.Build.0 = Release|Any CPU
		{DA1C4D68-1714-4DCD-B77D-B9C16A2F8BED}.Debug|Any CPU.ActiveCfg = Debug|Any CPU
		{DA1C4D68-1714-4DCD-B77D-B9C16A2F8BED}.Debug|Any CPU.Build.0 = Debug|Any CPU
		{DA1C4D68-1714-4DCD-B77D-B9C16A2F8BED}.Release|Any CPU.ActiveCfg = Release|Any CPU
		{DA1C4D68-1714-4DCD-B77D-B9C16A2F8BED}.Release|Any CPU.Build.0 = Release|Any CPU
	EndGlobalSection
	GlobalSection(SolutionProperties) = preSolution
		HideSolutionNode = FALSE
	EndGlobalSection
	GlobalSection(ExtensibilityGlobals) = postSolution
		SolutionGuid = {95F1978B-6447-484A-A85D-A0385E3CA754}
	EndGlobalSection
EndGlobal
