
Microsoft Visual Studio Solution File, Format Version 12.00
# Visual Studio Version 17
VisualStudioVersion = 17.2.32519.379
MinimumVisualStudioVersion = 10.0.40219.1
Project("{9A19103F-16F7-4668-BE54-9A1E7A4F7556}") = "Locadora.Domain", "Locadora.Domain\Locadora.Domain.csproj", "{13DDD07E-7992-45C5-A449-CF3EF3FCFC71}"
EndProject
Project("{9A19103F-16F7-4668-BE54-9A1E7A4F7556}") = "Locadora.InfraData", "Locadora.InfraData\Locadora.InfraData.csproj", "{DA1C4D68-1714-4DCD-B77D-B9C16A2F8BED}"
EndProject
Project("{9A19103F-16F7-4668-BE54-9A1E7A4F7556}") = "Locadora.Domain.Test", "Locadora.Domain.Test\Locadora.Domain.Test.csproj", "{497D8E89-2A9D-477C-BE91-77ACE67CDC4C}"
EndProject
Project("{9A19103F-16F7-4668-BE54-9A1E7A4F7556}") = "Locadora.WebAPI", "Locadora.WebAPI\Locadora.WebAPI.csproj", "{A12871BE-E04D-45E7-816D-5E8B6E42C124}"
EndProject
Project("{FAE04EC0-301F-11D3-BF4B-00C04F79EFBC}") = "Locadora.InfraIoC", "Locadora.InfraIoC\Locadora.InfraIoC.csproj", "{27D13047-7532-4774-A914-59A1A448A94F}"
EndProject
Project("{FAE04EC0-301F-11D3-BF4B-00C04F79EFBC}") = "Locadora.Application", "Locadora.Application\Locadora.Application.csproj", "{730E22FF-244A-42C8-91D1-62539FE8895B}"
EndProject
Global
	GlobalSection(SolutionConfigurationPlatforms) = preSolution
		Debug|Any CPU = Debug|Any CPU
		Release|Any CPU = Release|Any CPU
	EndGlobalSection
	GlobalSection(ProjectConfigurationPlatforms) = postSolution
		{13DDD07E-7992-45C5-A449-CF3EF3FCFC71}.Debug|Any CPU.ActiveCfg = Debug|Any CPU
		{13DDD07E-7992-45C5-A449-CF3EF3FCFC71}.Debug|Any CPU.Build.0 = Debug|Any CPU
		{13DDD07E-7992-45C5-A449-CF3EF3FCFC71}.Release|Any CPU.ActiveCfg = Release|Any CPU
		{13DDD07E-7992-45C5-A449-CF3EF3FCFC71}.Release|Any CPU.Build.0 = Release|Any CPU
		{DA1C4D68-1714-4DCD-B77D-B9C16A2F8BED}.Debug|Any CPU.ActiveCfg = Debug|Any CPU
		{DA1C4D68-1714-4DCD-B77D-B9C16A2F8BED}.Debug|Any CPU.Build.0 = Debug|Any CPU
		{DA1C4D68-1714-4DCD-B77D-B9C16A2F8BED}.Release|Any CPU.ActiveCfg = Release|Any CPU
		{DA1C4D68-1714-4DCD-B77D-B9C16A2F8BED}.Release|Any CPU.Build.0 = Release|Any CPU
		{497D8E89-2A9D-477C-BE91-77ACE67CDC4C}.Debug|Any CPU.ActiveCfg = Debug|Any CPU
		{497D8E89-2A9D-477C-BE91-77ACE67CDC4C}.Debug|Any CPU.Build.0 = Debug|Any CPU
		{497D8E89-2A9D-477C-BE91-77ACE67CDC4C}.Release|Any CPU.ActiveCfg = Release|Any CPU
		{497D8E89-2A9D-477C-BE91-77ACE67CDC4C}.Release|Any CPU.Build.0 = Release|Any CPU
		{A12871BE-E04D-45E7-816D-5E8B6E42C124}.Debug|Any CPU.ActiveCfg = Debug|Any CPU
		{A12871BE-E04D-45E7-816D-5E8B6E42C124}.Debug|Any CPU.Build.0 = Debug|Any CPU
		{A12871BE-E04D-45E7-816D-5E8B6E42C124}.Release|Any CPU.ActiveCfg = Release|Any CPU
		{A12871BE-E04D-45E7-816D-5E8B6E42C124}.Release|Any CPU.Build.0 = Release|Any CPU
		{27D13047-7532-4774-A914-59A1A448A94F}.Debug|Any CPU.ActiveCfg = Debug|Any CPU
		{27D13047-7532-4774-A914-59A1A448A94F}.Debug|Any CPU.Build.0 = Debug|Any CPU
		{27D13047-7532-4774-A914-59A1A448A94F}.Release|Any CPU.ActiveCfg = Release|Any CPU
		{27D13047-7532-4774-A914-59A1A448A94F}.Release|Any CPU.Build.0 = Release|Any CPU
		{730E22FF-244A-42C8-91D1-62539FE8895B}.Debug|Any CPU.ActiveCfg = Debug|Any CPU
		{730E22FF-244A-42C8-91D1-62539FE8895B}.Debug|Any CPU.Build.0 = Debug|Any CPU
		{730E22FF-244A-42C8-91D1-62539FE8895B}.Release|Any CPU.ActiveCfg = Release|Any CPU
		{730E22FF-244A-42C8-91D1-62539FE8895B}.Release|Any CPU.Build.0 = Release|Any CPU
	EndGlobalSection
	GlobalSection(SolutionProperties) = preSolution
		HideSolutionNode = FALSE
	EndGlobalSection
	GlobalSection(ExtensibilityGlobals) = postSolution
		SolutionGuid = {95F1978B-6447-484A-A85D-A0385E3CA754}
	EndGlobalSection
EndGlobal
